Microsoft Visual Studio Solution File, Format Version 12.00
# Visual Studio Version 16
VisualStudioVersion = 16.0.30907.101
MinimumVisualStudioVersion = 10.0.40219.1
Project("{2150E333-8FDC-42A3-9474-1A3956D46DE8}") = "Content", "Content", "{8DC506AC-41E9-489A-BB34-0FFD77CF8771}"
EndProject
Project("{FAE04EC0-301F-11D3-BF4B-00C04F79EFBC}") = "CodeTest.Foundation.Content", "src\Foundation\Content\code\CodeTest.Foundation.Content.csproj", "{FE2FDD97-3416-44AB-82F2-C0D4B376DD9C}"
EndProject
Project("{2150E333-8FDC-42A3-9474-1A3956D46DE8}") = "Website", "Website", "{07B0EE2A-C4D3-4C50-86B0-B273C2B60FF5}"
EndProject
Project("{2150E333-8FDC-42A3-9474-1A3956D46DE8}") = "1. Project", "1. Project", "{B636F38C-BEB0-46A9-93DA-8CE65A5ADCCB}"
EndProject
Project("{2150E333-8FDC-42A3-9474-1A3956D46DE8}") = "2. Feature", "2. Feature", "{E7A58EC3-CB31-4399-9C37-F96A84F81907}"
EndProject
Project("{2150E333-8FDC-42A3-9474-1A3956D46DE8}") = "3. Foundation", "3. Foundation", "{E0A68115-C68D-4568-A978-F4D63BC68581}"
EndProject
Project("{2150E333-8FDC-42A3-9474-1A3956D46DE8}") = "ORM", "ORM", "{2AE9D34F-8E9F-4307-BB92-CAEBC7F0E1AC}"
EndProject
Project("{FAE04EC0-301F-11D3-BF4B-00C04F79EFBC}") = "CodeTest.Foundation.ORM", "src\Foundation\ORM\code\CodeTest.Foundation.ORM.csproj", "{39BD3BCD-194C-4F57-A0B2-B78CEA43AF99}"
EndProject
Project("{2150E333-8FDC-42A3-9474-1A3956D46DE8}") = "DI", "DI", "{90CD14E1-D91D-4C8B-9FEC-FA6FDDCECFFE}"
EndProject
Project("{FAE04EC0-301F-11D3-BF4B-00C04F79EFBC}") = "CodeTest.Foundation.DI", "src\Foundation\DI\code\CodeTest.Foundation.DI.csproj", "{EE71AB61-9C06-4884-9E57-CDD60DEA64FD}"
EndProject
Project("{FAE04EC0-301F-11D3-BF4B-00C04F79EFBC}") = "CodeTest.Project.Website", "src\Project\Website\code\CodeTest.Project.Website.csproj", "{C4295B6B-C057-4EB1-BAC6-7353D707B998}"
EndProject
Project("{2150E333-8FDC-42A3-9474-1A3956D46DE8}") = "Configuration", "Configuration", "{213E117F-4F0F-4CB3-92D4-0CBF6B419E46}"
	ProjectSection(SolutionItems) = preProject
		gulp-config.js = gulp-config.js
		gulpfile-ci.js = gulpfile-ci.js
		gulpfile.js = gulpfile.js
		package.json = package.json
		packkage.txt = packkage.txt
		TdsGlobal.config = TdsGlobal.config
	EndProjectSection
EndProject
Project("{2150E333-8FDC-42A3-9474-1A3956D46DE8}") = "Core", "Core", "{CD895285-2A7A-4FE7-BF9E-43E324448158}"
EndProject
Project("{FAE04EC0-301F-11D3-BF4B-00C04F79EFBC}") = "CodeTest.Foundation.Core", "src\Foundation\Core\code\CodeTest.Foundation.Core.csproj", "{789D132B-7B57-4E93-A43B-030823554AD1}"
EndProject
Project("{2150E333-8FDC-42A3-9474-1A3956D46DE8}") = "HeroSlider", "HeroSlider", "{6A706B38-3FD0-4A58-B1D7-115CF890273E}"
EndProject
Project("{2150E333-8FDC-42A3-9474-1A3956D46DE8}") = "Container", "Container", "{1AF9B5D6-C0D8-4BDB-B54F-B09F2A6AFB3A}"
EndProject
Project("{FAE04EC0-301F-11D3-BF4B-00C04F79EFBC}") = "CodeTest.Feature.HeroSlider", "src\Feature\HeroSlider\code\CodeTest.Feature.HeroSlider.csproj", "{0EA155C5-15D0-4620-A2BD-FACDD211178D}"
EndProject
Project("{2150E333-8FDC-42A3-9474-1A3956D46DE8}") = "DynamicPlaceholder", "DynamicPlaceholder", "{F27D52C5-7876-4DE4-9427-6FAB06477EA7}"
EndProject
Project("{FAE04EC0-301F-11D3-BF4B-00C04F79EFBC}") = "CodeFirst.Foundation.DynamicPlaceholder", "src\Foundation\DynamicPlaceholders\code\CodeFirst.Foundation.DynamicPlaceholder.csproj", "{20173DF9-0F58-40A0-9DD6-8A9C5588A31B}"
EndProject
Project("{FAE04EC0-301F-11D3-BF4B-00C04F79EFBC}") = "CodeTest.Feature.Container", "src\Feature\Containers\code\CodeTest.Feature.Container.csproj", "{D7FA4544-A8BC-4F55-9671-299BFE696A54}"
EndProject
Project("{2150E333-8FDC-42A3-9474-1A3956D46DE8}") = "GenericContent", "GenericContent", "{F276F89B-BAE8-4F4E-8EA8-4EEFFC879591}"
EndProject
Project("{FAE04EC0-301F-11D3-BF4B-00C04F79EFBC}") = "CodeTest.Feature.GenericCallout", "src\Feature\GenericContent\code\CodeTest.Feature.GenericCallout.csproj", "{4BD66D79-2088-4CB9-94A2-6B6EE9EDB50D}"
EndProject
Global
	GlobalSection(SolutionConfigurationPlatforms) = preSolution
		always|Any CPU = always|Any CPU
		always|x64 = always|x64
		ci|Any CPU = ci|Any CPU
		ci|x64 = ci|x64
		Debug|Any CPU = Debug|Any CPU
		Debug|x64 = Debug|x64
		local|Any CPU = local|Any CPU
		local|x64 = local|x64
		Release|Any CPU = Release|Any CPU
		Release|x64 = Release|x64
	EndGlobalSection
	GlobalSection(ProjectConfigurationPlatforms) = postSolution
		{FE2FDD97-3416-44AB-82F2-C0D4B376DD9C}.always|Any CPU.ActiveCfg = always|Any CPU
		{FE2FDD97-3416-44AB-82F2-C0D4B376DD9C}.always|Any CPU.Build.0 = always|Any CPU
		{FE2FDD97-3416-44AB-82F2-C0D4B376DD9C}.always|x64.ActiveCfg = always|x64
		{FE2FDD97-3416-44AB-82F2-C0D4B376DD9C}.always|x64.Build.0 = always|x64
		{FE2FDD97-3416-44AB-82F2-C0D4B376DD9C}.ci|Any CPU.ActiveCfg = ci|Any CPU
		{FE2FDD97-3416-44AB-82F2-C0D4B376DD9C}.ci|Any CPU.Build.0 = ci|Any CPU
		{FE2FDD97-3416-44AB-82F2-C0D4B376DD9C}.ci|x64.ActiveCfg = ci|x64
		{FE2FDD97-3416-44AB-82F2-C0D4B376DD9C}.ci|x64.Build.0 = ci|x64
		{FE2FDD97-3416-44AB-82F2-C0D4B376DD9C}.Debug|Any CPU.ActiveCfg = Debug|Any CPU
		{FE2FDD97-3416-44AB-82F2-C0D4B376DD9C}.Debug|Any CPU.Build.0 = Debug|Any CPU
		{FE2FDD97-3416-44AB-82F2-C0D4B376DD9C}.Debug|x64.ActiveCfg = Debug|x64
		{FE2FDD97-3416-44AB-82F2-C0D4B376DD9C}.Debug|x64.Build.0 = Debug|x64
		{FE2FDD97-3416-44AB-82F2-C0D4B376DD9C}.local|Any CPU.ActiveCfg = local|Any CPU
		{FE2FDD97-3416-44AB-82F2-C0D4B376DD9C}.local|Any CPU.Build.0 = local|Any CPU
		{FE2FDD97-3416-44AB-82F2-C0D4B376DD9C}.local|x64.ActiveCfg = local|x64
		{FE2FDD97-3416-44AB-82F2-C0D4B376DD9C}.local|x64.Build.0 = local|x64
		{FE2FDD97-3416-44AB-82F2-C0D4B376DD9C}.Release|Any CPU.ActiveCfg = Release|Any CPU
		{FE2FDD97-3416-44AB-82F2-C0D4B376DD9C}.Release|Any CPU.Build.0 = Release|Any CPU
		{FE2FDD97-3416-44AB-82F2-C0D4B376DD9C}.Release|x64.ActiveCfg = Release|x64
		{FE2FDD97-3416-44AB-82F2-C0D4B376DD9C}.Release|x64.Build.0 = Release|x64
		{39BD3BCD-194C-4F57-A0B2-B78CEA43AF99}.always|Any CPU.ActiveCfg = always|Any CPU
		{39BD3BCD-194C-4F57-A0B2-B78CEA43AF99}.always|Any CPU.Build.0 = always|Any CPU
		{39BD3BCD-194C-4F57-A0B2-B78CEA43AF99}.always|x64.ActiveCfg = always|x64
		{39BD3BCD-194C-4F57-A0B2-B78CEA43AF99}.always|x64.Build.0 = always|x64
		{39BD3BCD-194C-4F57-A0B2-B78CEA43AF99}.ci|Any CPU.ActiveCfg = ci|Any CPU
		{39BD3BCD-194C-4F57-A0B2-B78CEA43AF99}.ci|Any CPU.Build.0 = ci|Any CPU
		{39BD3BCD-194C-4F57-A0B2-B78CEA43AF99}.ci|x64.ActiveCfg = ci|x64
		{39BD3BCD-194C-4F57-A0B2-B78CEA43AF99}.ci|x64.Build.0 = ci|x64
		{39BD3BCD-194C-4F57-A0B2-B78CEA43AF99}.Debug|Any CPU.ActiveCfg = Debug|Any CPU
		{39BD3BCD-194C-4F57-A0B2-B78CEA43AF99}.Debug|Any CPU.Build.0 = Debug|Any CPU
		{39BD3BCD-194C-4F57-A0B2-B78CEA43AF99}.Debug|x64.ActiveCfg = Debug|x64
		{39BD3BCD-194C-4F57-A0B2-B78CEA43AF99}.Debug|x64.Build.0 = Debug|x64
		{39BD3BCD-194C-4F57-A0B2-B78CEA43AF99}.local|Any CPU.ActiveCfg = local|Any CPU
		{39BD3BCD-194C-4F57-A0B2-B78CEA43AF99}.local|Any CPU.Build.0 = local|Any CPU
		{39BD3BCD-194C-4F57-A0B2-B78CEA43AF99}.local|x64.ActiveCfg = local|x64
		{39BD3BCD-194C-4F57-A0B2-B78CEA43AF99}.local|x64.Build.0 = local|x64
		{39BD3BCD-194C-4F57-A0B2-B78CEA43AF99}.Release|Any CPU.ActiveCfg = Release|Any CPU
		{39BD3BCD-194C-4F57-A0B2-B78CEA43AF99}.Release|Any CPU.Build.0 = Release|Any CPU
		{39BD3BCD-194C-4F57-A0B2-B78CEA43AF99}.Release|x64.ActiveCfg = Release|x64
		{39BD3BCD-194C-4F57-A0B2-B78CEA43AF99}.Release|x64.Build.0 = Release|x64
		{EE71AB61-9C06-4884-9E57-CDD60DEA64FD}.always|Any CPU.ActiveCfg = always|Any CPU
		{EE71AB61-9C06-4884-9E57-CDD60DEA64FD}.always|Any CPU.Build.0 = always|Any CPU
		{EE71AB61-9C06-4884-9E57-CDD60DEA64FD}.always|x64.ActiveCfg = always|x64
		{EE71AB61-9C06-4884-9E57-CDD60DEA64FD}.always|x64.Build.0 = always|x64
		{EE71AB61-9C06-4884-9E57-CDD60DEA64FD}.ci|Any CPU.ActiveCfg = ci|Any CPU
		{EE71AB61-9C06-4884-9E57-CDD60DEA64FD}.ci|Any CPU.Build.0 = ci|Any CPU
		{EE71AB61-9C06-4884-9E57-CDD60DEA64FD}.ci|x64.ActiveCfg = ci|x64
		{EE71AB61-9C06-4884-9E57-CDD60DEA64FD}.ci|x64.Build.0 = ci|x64
		{EE71AB61-9C06-4884-9E57-CDD60DEA64FD}.Debug|Any CPU.ActiveCfg = Debug|Any CPU
		{EE71AB61-9C06-4884-9E57-CDD60DEA64FD}.Debug|Any CPU.Build.0 = Debug|Any CPU
		{EE71AB61-9C06-4884-9E57-CDD60DEA64FD}.Debug|x64.ActiveCfg = Debug|x64
		{EE71AB61-9C06-4884-9E57-CDD60DEA64FD}.Debug|x64.Build.0 = Debug|x64
		{EE71AB61-9C06-4884-9E57-CDD60DEA64FD}.local|Any CPU.ActiveCfg = local|Any CPU
		{EE71AB61-9C06-4884-9E57-CDD60DEA64FD}.local|Any CPU.Build.0 = local|Any CPU
		{EE71AB61-9C06-4884-9E57-CDD60DEA64FD}.local|x64.ActiveCfg = local|x64
		{EE71AB61-9C06-4884-9E57-CDD60DEA64FD}.local|x64.Build.0 = local|x64
		{EE71AB61-9C06-4884-9E57-CDD60DEA64FD}.Release|Any CPU.ActiveCfg = Release|Any CPU
		{EE71AB61-9C06-4884-9E57-CDD60DEA64FD}.Release|Any CPU.Build.0 = Release|Any CPU
		{EE71AB61-9C06-4884-9E57-CDD60DEA64FD}.Release|x64.ActiveCfg = Release|x64
		{EE71AB61-9C06-4884-9E57-CDD60DEA64FD}.Release|x64.Build.0 = Release|x64
		{C4295B6B-C057-4EB1-BAC6-7353D707B998}.always|Any CPU.ActiveCfg = always|Any CPU
		{C4295B6B-C057-4EB1-BAC6-7353D707B998}.always|Any CPU.Build.0 = always|Any CPU
		{C4295B6B-C057-4EB1-BAC6-7353D707B998}.always|x64.ActiveCfg = always|x64
		{C4295B6B-C057-4EB1-BAC6-7353D707B998}.always|x64.Build.0 = always|x64
		{C4295B6B-C057-4EB1-BAC6-7353D707B998}.ci|Any CPU.ActiveCfg = ci|Any CPU
		{C4295B6B-C057-4EB1-BAC6-7353D707B998}.ci|Any CPU.Build.0 = ci|Any CPU
		{C4295B6B-C057-4EB1-BAC6-7353D707B998}.ci|x64.ActiveCfg = ci|x64
		{C4295B6B-C057-4EB1-BAC6-7353D707B998}.ci|x64.Build.0 = ci|x64
		{C4295B6B-C057-4EB1-BAC6-7353D707B998}.Debug|Any CPU.ActiveCfg = Debug|Any CPU
		{C4295B6B-C057-4EB1-BAC6-7353D707B998}.Debug|Any CPU.Build.0 = Debug|Any CPU
		{C4295B6B-C057-4EB1-BAC6-7353D707B998}.Debug|x64.ActiveCfg = Debug|x64
		{C4295B6B-C057-4EB1-BAC6-7353D707B998}.Debug|x64.Build.0 = Debug|x64
		{C4295B6B-C057-4EB1-BAC6-7353D707B998}.local|Any CPU.ActiveCfg = local|Any CPU
		{C4295B6B-C057-4EB1-BAC6-7353D707B998}.local|Any CPU.Build.0 = local|Any CPU
		{C4295B6B-C057-4EB1-BAC6-7353D707B998}.local|x64.ActiveCfg = local|x64
		{C4295B6B-C057-4EB1-BAC6-7353D707B998}.local|x64.Build.0 = local|x64
		{C4295B6B-C057-4EB1-BAC6-7353D707B998}.Release|Any CPU.ActiveCfg = Release|Any CPU
		{C4295B6B-C057-4EB1-BAC6-7353D707B998}.Release|Any CPU.Build.0 = Release|Any CPU
		{C4295B6B-C057-4EB1-BAC6-7353D707B998}.Release|x64.ActiveCfg = Release|x64
		{C4295B6B-C057-4EB1-BAC6-7353D707B998}.Release|x64.Build.0 = Release|x64
		{789D132B-7B57-4E93-A43B-030823554AD1}.always|Any CPU.ActiveCfg = always|Any CPU
		{789D132B-7B57-4E93-A43B-030823554AD1}.always|Any CPU.Build.0 = always|Any CPU
		{789D132B-7B57-4E93-A43B-030823554AD1}.always|x64.ActiveCfg = always|x64
		{789D132B-7B57-4E93-A43B-030823554AD1}.always|x64.Build.0 = always|x64
		{789D132B-7B57-4E93-A43B-030823554AD1}.ci|Any CPU.ActiveCfg = ci|Any CPU
		{789D132B-7B57-4E93-A43B-030823554AD1}.ci|Any CPU.Build.0 = ci|Any CPU
		{789D132B-7B57-4E93-A43B-030823554AD1}.ci|x64.ActiveCfg = ci|x64
		{789D132B-7B57-4E93-A43B-030823554AD1}.ci|x64.Build.0 = ci|x64
		{789D132B-7B57-4E93-A43B-030823554AD1}.Debug|Any CPU.ActiveCfg = Debug|Any CPU
		{789D132B-7B57-4E93-A43B-030823554AD1}.Debug|Any CPU.Build.0 = Debug|Any CPU
		{789D132B-7B57-4E93-A43B-030823554AD1}.Debug|x64.ActiveCfg = Debug|x64
		{789D132B-7B57-4E93-A43B-030823554AD1}.Debug|x64.Build.0 = Debug|x64
		{789D132B-7B57-4E93-A43B-030823554AD1}.local|Any CPU.ActiveCfg = local|Any CPU
		{789D132B-7B57-4E93-A43B-030823554AD1}.local|Any CPU.Build.0 = local|Any CPU
		{789D132B-7B57-4E93-A43B-030823554AD1}.local|x64.ActiveCfg = local|x64
		{789D132B-7B57-4E93-A43B-030823554AD1}.local|x64.Build.0 = local|x64
		{789D132B-7B57-4E93-A43B-030823554AD1}.Release|Any CPU.ActiveCfg = Release|Any CPU
		{789D132B-7B57-4E93-A43B-030823554AD1}.Release|Any CPU.Build.0 = Release|Any CPU
		{789D132B-7B57-4E93-A43B-030823554AD1}.Release|x64.ActiveCfg = Release|x64
		{789D132B-7B57-4E93-A43B-030823554AD1}.Release|x64.Build.0 = Release|x64
		{0EA155C5-15D0-4620-A2BD-FACDD211178D}.always|Any CPU.ActiveCfg = Release|Any CPU
		{0EA155C5-15D0-4620-A2BD-FACDD211178D}.always|Any CPU.Build.0 = Release|Any CPU
		{0EA155C5-15D0-4620-A2BD-FACDD211178D}.always|x64.ActiveCfg = Release|Any CPU
		{0EA155C5-15D0-4620-A2BD-FACDD211178D}.always|x64.Build.0 = Release|Any CPU
		{0EA155C5-15D0-4620-A2BD-FACDD211178D}.ci|Any CPU.ActiveCfg = Release|Any CPU
		{0EA155C5-15D0-4620-A2BD-FACDD211178D}.ci|Any CPU.Build.0 = Release|Any CPU
		{0EA155C5-15D0-4620-A2BD-FACDD211178D}.ci|x64.ActiveCfg = Release|Any CPU
		{0EA155C5-15D0-4620-A2BD-FACDD211178D}.ci|x64.Build.0 = Release|Any CPU
		{0EA155C5-15D0-4620-A2BD-FACDD211178D}.Debug|Any CPU.ActiveCfg = Debug|Any CPU
		{0EA155C5-15D0-4620-A2BD-FACDD211178D}.Debug|Any CPU.Build.0 = Debug|Any CPU
		{0EA155C5-15D0-4620-A2BD-FACDD211178D}.Debug|x64.ActiveCfg = Debug|Any CPU
		{0EA155C5-15D0-4620-A2BD-FACDD211178D}.Debug|x64.Build.0 = Debug|Any CPU
		{0EA155C5-15D0-4620-A2BD-FACDD211178D}.local|Any CPU.ActiveCfg = Release|Any CPU
		{0EA155C5-15D0-4620-A2BD-FACDD211178D}.local|Any CPU.Build.0 = Release|Any CPU
		{0EA155C5-15D0-4620-A2BD-FACDD211178D}.local|x64.ActiveCfg = Release|Any CPU
		{0EA155C5-15D0-4620-A2BD-FACDD211178D}.local|x64.Build.0 = Release|Any CPU
		{0EA155C5-15D0-4620-A2BD-FACDD211178D}.Release|Any CPU.ActiveCfg = Release|Any CPU
		{0EA155C5-15D0-4620-A2BD-FACDD211178D}.Release|Any CPU.Build.0 = Release|Any CPU
		{0EA155C5-15D0-4620-A2BD-FACDD211178D}.Release|x64.ActiveCfg = Release|Any CPU
		{0EA155C5-15D0-4620-A2BD-FACDD211178D}.Release|x64.Build.0 = Release|Any CPU
		{20173DF9-0F58-40A0-9DD6-8A9C5588A31B}.always|Any CPU.ActiveCfg = Release|Any CPU
		{20173DF9-0F58-40A0-9DD6-8A9C5588A31B}.always|Any CPU.Build.0 = Release|Any CPU
		{20173DF9-0F58-40A0-9DD6-8A9C5588A31B}.always|x64.ActiveCfg = Release|Any CPU
		{20173DF9-0F58-40A0-9DD6-8A9C5588A31B}.always|x64.Build.0 = Release|Any CPU
		{20173DF9-0F58-40A0-9DD6-8A9C5588A31B}.ci|Any CPU.ActiveCfg = Release|Any CPU
		{20173DF9-0F58-40A0-9DD6-8A9C5588A31B}.ci|Any CPU.Build.0 = Release|Any CPU
		{20173DF9-0F58-40A0-9DD6-8A9C5588A31B}.ci|x64.ActiveCfg = Release|Any CPU
		{20173DF9-0F58-40A0-9DD6-8A9C5588A31B}.ci|x64.Build.0 = Release|Any CPU
		{20173DF9-0F58-40A0-9DD6-8A9C5588A31B}.Debug|Any CPU.ActiveCfg = Debug|Any CPU
		{20173DF9-0F58-40A0-9DD6-8A9C5588A31B}.Debug|Any CPU.Build.0 = Debug|Any CPU
		{20173DF9-0F58-40A0-9DD6-8A9C5588A31B}.Debug|x64.ActiveCfg = Debug|Any CPU
		{20173DF9-0F58-40A0-9DD6-8A9C5588A31B}.Debug|x64.Build.0 = Debug|Any CPU
		{20173DF9-0F58-40A0-9DD6-8A9C5588A31B}.local|Any CPU.ActiveCfg = Release|Any CPU
		{20173DF9-0F58-40A0-9DD6-8A9C5588A31B}.local|Any CPU.Build.0 = Release|Any CPU
		{20173DF9-0F58-40A0-9DD6-8A9C5588A31B}.local|x64.ActiveCfg = Release|Any CPU
		{20173DF9-0F58-40A0-9DD6-8A9C5588A31B}.local|x64.Build.0 = Release|Any CPU
		{20173DF9-0F58-40A0-9DD6-8A9C5588A31B}.Release|Any CPU.ActiveCfg = Release|Any CPU
		{20173DF9-0F58-40A0-9DD6-8A9C5588A31B}.Release|Any CPU.Build.0 = Release|Any CPU
		{20173DF9-0F58-40A0-9DD6-8A9C5588A31B}.Release|x64.ActiveCfg = Release|Any CPU
		{20173DF9-0F58-40A0-9DD6-8A9C5588A31B}.Release|x64.Build.0 = Release|Any CPU
		{D7FA4544-A8BC-4F55-9671-299BFE696A54}.always|Any CPU.ActiveCfg = Debug|Any CPU
		{D7FA4544-A8BC-4F55-9671-299BFE696A54}.always|Any CPU.Build.0 = Debug|Any CPU
		{D7FA4544-A8BC-4F55-9671-299BFE696A54}.always|x64.ActiveCfg = Debug|Any CPU
		{D7FA4544-A8BC-4F55-9671-299BFE696A54}.always|x64.Build.0 = Debug|Any CPU
		{D7FA4544-A8BC-4F55-9671-299BFE696A54}.ci|Any CPU.ActiveCfg = Debug|Any CPU
		{D7FA4544-A8BC-4F55-9671-299BFE696A54}.ci|Any CPU.Build.0 = Debug|Any CPU
		{D7FA4544-A8BC-4F55-9671-299BFE696A54}.ci|x64.ActiveCfg = Debug|Any CPU
		{D7FA4544-A8BC-4F55-9671-299BFE696A54}.ci|x64.Build.0 = Debug|Any CPU
		{D7FA4544-A8BC-4F55-9671-299BFE696A54}.Debug|Any CPU.ActiveCfg = Debug|Any CPU
		{D7FA4544-A8BC-4F55-9671-299BFE696A54}.Debug|Any CPU.Build.0 = Debug|Any CPU
		{D7FA4544-A8BC-4F55-9671-299BFE696A54}.Debug|x64.ActiveCfg = Debug|Any CPU
		{D7FA4544-A8BC-4F55-9671-299BFE696A54}.Debug|x64.Build.0 = Debug|Any CPU
		{D7FA4544-A8BC-4F55-9671-299BFE696A54}.local|Any CPU.ActiveCfg = Debug|Any CPU
		{D7FA4544-A8BC-4F55-9671-299BFE696A54}.local|Any CPU.Build.0 = Debug|Any CPU
		{D7FA4544-A8BC-4F55-9671-299BFE696A54}.local|x64.ActiveCfg = Debug|Any CPU
		{D7FA4544-A8BC-4F55-9671-299BFE696A54}.local|x64.Build.0 = Debug|Any CPU
		{D7FA4544-A8BC-4F55-9671-299BFE696A54}.Release|Any CPU.ActiveCfg = Release|Any CPU
		{D7FA4544-A8BC-4F55-9671-299BFE696A54}.Release|Any CPU.Build.0 = Release|Any CPU
		{D7FA4544-A8BC-4F55-9671-299BFE696A54}.Release|x64.ActiveCfg = Release|Any CPU
		{D7FA4544-A8BC-4F55-9671-299BFE696A54}.Release|x64.Build.0 = Release|Any CPU
		{4BD66D79-2088-4CB9-94A2-6B6EE9EDB50D}.always|Any CPU.ActiveCfg = Debug|Any CPU
		{4BD66D79-2088-4CB9-94A2-6B6EE9EDB50D}.always|Any CPU.Build.0 = Debug|Any CPU
		{4BD66D79-2088-4CB9-94A2-6B6EE9EDB50D}.always|x64.ActiveCfg = Debug|Any CPU
		{4BD66D79-2088-4CB9-94A2-6B6EE9EDB50D}.always|x64.Build.0 = Debug|Any CPU
		{4BD66D79-2088-4CB9-94A2-6B6EE9EDB50D}.ci|Any CPU.ActiveCfg = Debug|Any CPU
		{4BD66D79-2088-4CB9-94A2-6B6EE9EDB50D}.ci|Any CPU.Build.0 = Debug|Any CPU
		{4BD66D79-2088-4CB9-94A2-6B6EE9EDB50D}.ci|x64.ActiveCfg = Debug|Any CPU
		{4BD66D79-2088-4CB9-94A2-6B6EE9EDB50D}.ci|x64.Build.0 = Debug|Any CPU
		{4BD66D79-2088-4CB9-94A2-6B6EE9EDB50D}.Debug|Any CPU.ActiveCfg = Debug|Any CPU
		{4BD66D79-2088-4CB9-94A2-6B6EE9EDB50D}.Debug|Any CPU.Build.0 = Debug|Any CPU
		{4BD66D79-2088-4CB9-94A2-6B6EE9EDB50D}.Debug|x64.ActiveCfg = Debug|Any CPU
		{4BD66D79-2088-4CB9-94A2-6B6EE9EDB50D}.Debug|x64.Build.0 = Debug|Any CPU
		{4BD66D79-2088-4CB9-94A2-6B6EE9EDB50D}.local|Any CPU.ActiveCfg = Debug|Any CPU
		{4BD66D79-2088-4CB9-94A2-6B6EE9EDB50D}.local|Any CPU.Build.0 = Debug|Any CPU
		{4BD66D79-2088-4CB9-94A2-6B6EE9EDB50D}.local|x64.ActiveCfg = Debug|Any CPU
		{4BD66D79-2088-4CB9-94A2-6B6EE9EDB50D}.local|x64.Build.0 = Debug|Any CPU
		{4BD66D79-2088-4CB9-94A2-6B6EE9EDB50D}.Release|Any CPU.ActiveCfg = Release|Any CPU
		{4BD66D79-2088-4CB9-94A2-6B6EE9EDB50D}.Release|Any CPU.Build.0 = Release|Any CPU
		{4BD66D79-2088-4CB9-94A2-6B6EE9EDB50D}.Release|x64.ActiveCfg = Release|Any CPU
		{4BD66D79-2088-4CB9-94A2-6B6EE9EDB50D}.Release|x64.Build.0 = Release|Any CPU
	EndGlobalSection
	GlobalSection(SolutionProperties) = preSolution
		HideSolutionNode = FALSE
	EndGlobalSection
	GlobalSection(NestedProjects) = preSolution
		{8DC506AC-41E9-489A-BB34-0FFD77CF8771} = {E0A68115-C68D-4568-A978-F4D63BC68581}
		{FE2FDD97-3416-44AB-82F2-C0D4B376DD9C} = {8DC506AC-41E9-489A-BB34-0FFD77CF8771}
		{07B0EE2A-C4D3-4C50-86B0-B273C2B60FF5} = {B636F38C-BEB0-46A9-93DA-8CE65A5ADCCB}
		{2AE9D34F-8E9F-4307-BB92-CAEBC7F0E1AC} = {E0A68115-C68D-4568-A978-F4D63BC68581}
		{39BD3BCD-194C-4F57-A0B2-B78CEA43AF99} = {2AE9D34F-8E9F-4307-BB92-CAEBC7F0E1AC}
		{90CD14E1-D91D-4C8B-9FEC-FA6FDDCECFFE} = {E0A68115-C68D-4568-A978-F4D63BC68581}
		{EE71AB61-9C06-4884-9E57-CDD60DEA64FD} = {90CD14E1-D91D-4C8B-9FEC-FA6FDDCECFFE}
		{C4295B6B-C057-4EB1-BAC6-7353D707B998} = {07B0EE2A-C4D3-4C50-86B0-B273C2B60FF5}
		{CD895285-2A7A-4FE7-BF9E-43E324448158} = {E0A68115-C68D-4568-A978-F4D63BC68581}
		{789D132B-7B57-4E93-A43B-030823554AD1} = {CD895285-2A7A-4FE7-BF9E-43E324448158}
		{6A706B38-3FD0-4A58-B1D7-115CF890273E} = {E7A58EC3-CB31-4399-9C37-F96A84F81907}
		{1AF9B5D6-C0D8-4BDB-B54F-B09F2A6AFB3A} = {E7A58EC3-CB31-4399-9C37-F96A84F81907}
		{0EA155C5-15D0-4620-A2BD-FACDD211178D} = {6A706B38-3FD0-4A58-B1D7-115CF890273E}
		{F27D52C5-7876-4DE4-9427-6FAB06477EA7} = {E0A68115-C68D-4568-A978-F4D63BC68581}
		{20173DF9-0F58-40A0-9DD6-8A9C5588A31B} = {F27D52C5-7876-4DE4-9427-6FAB06477EA7}
		{D7FA4544-A8BC-4F55-9671-299BFE696A54} = {1AF9B5D6-C0D8-4BDB-B54F-B09F2A6AFB3A}
		{F276F89B-BAE8-4F4E-8EA8-4EEFFC879591} = {E7A58EC3-CB31-4399-9C37-F96A84F81907}
		{4BD66D79-2088-4CB9-94A2-6B6EE9EDB50D} = {F276F89B-BAE8-4F4E-8EA8-4EEFFC879591}
	EndGlobalSection
	GlobalSection(ExtensibilityGlobals) = postSolution
		SolutionGuid = {12F9B16D-834A-45E6-A64E-209315B4AF11}
	EndGlobalSection
EndGlobal
